// !$*UTF8*$!
{
	archiveVersion = 1;
	classes = {
	};
	objectVersion = 56;
	objects = {

/* Begin PBXBuildFile section */
		4BD741E92BABA4CC0018BFED /* Ios_detection_crisoullApp.swift in Sources */ = {isa = PBXBuildFile; fileRef = 4BD741E82BABA4CC0018BFED /* Ios_detection_crisoullApp.swift */; };
		4BD741EB2BABA4CC0018BFED /* ContentView.swift in Sources */ = {isa = PBXBuildFile; fileRef = 4BD741EA2BABA4CC0018BFED /* ContentView.swift */; };
		4BD741ED2BABA4CC0018BFED /* Item.swift in Sources */ = {isa = PBXBuildFile; fileRef = 4BD741EC2BABA4CC0018BFED /* Item.swift */; };
		4BD741EF2BABA4CF0018BFED /* Assets.xcassets in Resources */ = {isa = PBXBuildFile; fileRef = 4BD741EE2BABA4CF0018BFED /* Assets.xcassets */; };
		4BD741F32BABA4CF0018BFED /* Preview Assets.xcassets in Resources */ = {isa = PBXBuildFile; fileRef = 4BD741F22BABA4CF0018BFED /* Preview Assets.xcassets */; };
		4BD741FD2BABA4D00018BFED /* Ios_detection_crisoullTests.swift in Sources */ = {isa = PBXBuildFile; fileRef = 4BD741FC2BABA4D00018BFED /* Ios_detection_crisoullTests.swift */; };
		4BD742072BABA4D00018BFED /* Ios_detection_crisoullUITests.swift in Sources */ = {isa = PBXBuildFile; fileRef = 4BD742062BABA4D00018BFED /* Ios_detection_crisoullUITests.swift */; };
		4BD742092BABA4D00018BFED /* Ios_detection_crisoullUITestsLaunchTests.swift in Sources */ = {isa = PBXBuildFile; fileRef = 4BD742082BABA4D00018BFED /* Ios_detection_crisoullUITestsLaunchTests.swift */; };
/* End PBXBuildFile section */

/* Begin PBXContainerItemProxy section */
		4BD741F92BABA4D00018BFED /* PBXContainerItemProxy */ = {
			isa = PBXContainerItemProxy;
			containerPortal = 4BD741DD2BABA4CC0018BFED /* Project object */;
			proxyType = 1;
			remoteGlobalIDString = 4BD741E42BABA4CC0018BFED;
			remoteInfo = Ios_detection_crisoull;
		};
		4BD742032BABA4D00018BFED /* PBXContainerItemProxy */ = {
			isa = PBXContainerItemProxy;
			containerPortal = 4BD741DD2BABA4CC0018BFED /* Project object */;
			proxyType = 1;
			remoteGlobalIDString = 4BD741E42BABA4CC0018BFED;
			remoteInfo = Ios_detection_crisoull;
		};
/* End PBXContainerItemProxy section */

/* Begin PBXFileReference section */
		4BD741E52BABA4CC0018BFED /* Ios_detection_crisoull.app */ = {isa = PBXFileReference; explicitFileType = wrapper.application; includeInIndex = 0; path = Ios_detection_crisoull.app; sourceTree = BUILT_PRODUCTS_DIR; };
		4BD741E82BABA4CC0018BFED /* Ios_detection_crisoullApp.swift */ = {isa = PBXFileReference; lastKnownFileType = sourcecode.swift; path = Ios_detection_crisoullApp.swift; sourceTree = "<group>"; };
		4BD741EA2BABA4CC0018BFED /* ContentView.swift */ = {isa = PBXFileReference; lastKnownFileType = sourcecode.swift; path = ContentView.swift; sourceTree = "<group>"; };
		4BD741EC2BABA4CC0018BFED /* Item.swift */ = {isa = PBXFileReference; lastKnownFileType = sourcecode.swift; path = Item.swift; sourceTree = "<group>"; };
		4BD741EE2BABA4CF0018BFED /* Assets.xcassets */ = {isa = PBXFileReference; lastKnownFileType = folder.assetcatalog; path = Assets.xcassets; sourceTree = "<group>"; };
		4BD741F02BABA4CF0018BFED /* Ios_detection_crisoull.entitlements */ = {isa = PBXFileReference; lastKnownFileType = text.plist.entitlements; path = Ios_detection_crisoull.entitlements; sourceTree = "<group>"; };
		4BD741F22BABA4CF0018BFED /* Preview Assets.xcassets */ = {isa = PBXFileReference; lastKnownFileType = folder.assetcatalog; path = "Preview Assets.xcassets"; sourceTree = "<group>"; };
		4BD741F82BABA4D00018BFED /* Ios_detection_crisoullTests.xctest */ = {isa = PBXFileReference; explicitFileType = wrapper.cfbundle; includeInIndex = 0; path = Ios_detection_crisoullTests.xctest; sourceTree = BUILT_PRODUCTS_DIR; };
		4BD741FC2BABA4D00018BFED /* Ios_detection_crisoullTests.swift */ = {isa = PBXFileReference; lastKnownFileType = sourcecode.swift; path = Ios_detection_crisoullTests.swift; sourceTree = "<group>"; };
		4BD742022BABA4D00018BFED /* Ios_detection_crisoullUITests.xctest */ = {isa = PBXFileReference; explicitFileType = wrapper.cfbundle; includeInIndex = 0; path = Ios_detection_crisoullUITests.xctest; sourceTree = BUILT_PRODUCTS_DIR; };
		4BD742062BABA4D00018BFED /* Ios_detection_crisoullUITests.swift */ = {isa = PBXFileReference; lastKnownFileType = sourcecode.swift; path = Ios_detection_crisoullUITests.swift; sourceTree = "<group>"; };
		4BD742082BABA4D00018BFED /* Ios_detection_crisoullUITestsLaunchTests.swift */ = {isa = PBXFileReference; lastKnownFileType = sourcecode.swift; path = Ios_detection_crisoullUITestsLaunchTests.swift; sourceTree = "<group>"; };
/* End PBXFileReference section */

/* Begin PBXFrameworksBuildPhase section */
		4BD741E22BABA4CC0018BFED /* Frameworks */ = {
			isa = PBXFrameworksBuildPhase;
			buildActionMask = 2147483647;
			files = (
			);
			runOnlyForDeploymentPostprocessing = 0;
		};
		4BD741F52BABA4D00018BFED /* Frameworks */ = {
			isa = PBXFrameworksBuildPhase;
			buildActionMask = 2147483647;
			files = (
			);
			runOnlyForDeploymentPostprocessing = 0;
		};
		4BD741FF2BABA4D00018BFED /* Frameworks */ = {
			isa = PBXFrameworksBuildPhase;
			buildActionMask = 2147483647;
			files = (
			);
			runOnlyForDeploymentPostprocessing = 0;
		};
/* End PBXFrameworksBuildPhase section */

/* Begin PBXGroup section */
		4BD741DC2BABA4CC0018BFED = {
			isa = PBXGroup;
			children = (
				4BD741E72BABA4CC0018BFED /* Ios_detection_crisoull */,
				4BD741FB2BABA4D00018BFED /* Ios_detection_crisoullTests */,
				4BD742052BABA4D00018BFED /* Ios_detection_crisoullUITests */,
				4BD741E62BABA4CC0018BFED /* Products */,
			);
			sourceTree = "<group>";
		};
		4BD741E62BABA4CC0018BFED /* Products */ = {
			isa = PBXGroup;
			children = (
				4BD741E52BABA4CC0018BFED /* Ios_detection_crisoull.app */,
				4BD741F82BABA4D00018BFED /* Ios_detection_crisoullTests.xctest */,
				4BD742022BABA4D00018BFED /* Ios_detection_crisoullUITests.xctest */,
			);
			name = Products;
			sourceTree = "<group>";
		};
		4BD741E72BABA4CC0018BFED /* Ios_detection_crisoull */ = {
			isa = PBXGroup;
			children = (
				4BD741E82BABA4CC0018BFED /* Ios_detection_crisoullApp.swift */,
				4BD741EA2BABA4CC0018BFED /* ContentView.swift */,
				4BD741EC2BABA4CC0018BFED /* Item.swift */,
				4BD741EE2BABA4CF0018BFED /* Assets.xcassets */,
				4BD741F02BABA4CF0018BFED /* Ios_detection_crisoull.entitlements */,
				4BD741F12BABA4CF0018BFED /* Preview Content */,
			);
			path = Ios_detection_crisoull;
			sourceTree = "<group>";
		};
		4BD741F12BABA4CF0018BFED /* Preview Content */ = {
			isa = PBXGroup;
			children = (
				4BD741F22BABA4CF0018BFED /* Preview Assets.xcassets */,
			);
			path = "Preview Content";
			sourceTree = "<group>";
		};
		4BD741FB2BABA4D00018BFED /* Ios_detection_crisoullTests */ = {
			isa = PBXGroup;
			children = (
				4BD741FC2BABA4D00018BFED /* Ios_detection_crisoullTests.swift */,
			);
			path = Ios_detection_crisoullTests;
			sourceTree = "<group>";
		};
		4BD742052BABA4D00018BFED /* Ios_detection_crisoullUITests */ = {
			isa = PBXGroup;
			children = (
				4BD742062BABA4D00018BFED /* Ios_detection_crisoullUITests.swift */,
				4BD742082BABA4D00018BFED /* Ios_detection_crisoullUITestsLaunchTests.swift */,
			);
			path = Ios_detection_crisoullUITests;
			sourceTree = "<group>";
		};
/* End PBXGroup section */

/* Begin PBXNativeTarget section */
		4BD741E42BABA4CC0018BFED /* Ios_detection_crisoull */ = {
			isa = PBXNativeTarget;
			buildConfigurationList = 4BD7420C2BABA4D00018BFED /* Build configuration list for PBXNativeTarget "Ios_detection_crisoull" */;
			buildPhases = (
				4BD741E12BABA4CC0018BFED /* Sources */,
				4BD741E22BABA4CC0018BFED /* Frameworks */,
				4BD741E32BABA4CC0018BFED /* Resources */,
			);
			buildRules = (
			);
			dependencies = (
			);
			name = Ios_detection_crisoull;
			productName = Ios_detection_crisoull;
			productReference = 4BD741E52BABA4CC0018BFED /* Ios_detection_crisoull.app */;
			productType = "com.apple.product-type.application";
		};
		4BD741F72BABA4D00018BFED /* Ios_detection_crisoullTests */ = {
			isa = PBXNativeTarget;
			buildConfigurationList = 4BD7420F2BABA4D00018BFED /* Build configuration list for PBXNativeTarget "Ios_detection_crisoullTests" */;
			buildPhases = (
				4BD741F42BABA4D00018BFED /* Sources */,
				4BD741F52BABA4D00018BFED /* Frameworks */,
				4BD741F62BABA4D00018BFED /* Resources */,
			);
			buildRules = (
			);
			dependencies = (
				4BD741FA2BABA4D00018BFED /* PBXTargetDependency */,
			);
			name = Ios_detection_crisoullTests;
			productName = Ios_detection_crisoullTests;
			productReference = 4BD741F82BABA4D00018BFED /* Ios_detection_crisoullTests.xctest */;
			productType = "com.apple.product-type.bundle.unit-test";
		};
		4BD742012BABA4D00018BFED /* Ios_detection_crisoullUITests */ = {
			isa = PBXNativeTarget;
			buildConfigurationList = 4BD742122BABA4D00018BFED /* Build configuration list for PBXNativeTarget "Ios_detection_crisoullUITests" */;
			buildPhases = (
				4BD741FE2BABA4D00018BFED /* Sources */,
				4BD741FF2BABA4D00018BFED /* Frameworks */,
				4BD742002BABA4D00018BFED /* Resources */,
			);
			buildRules = (
			);
			dependencies = (
				4BD742042BABA4D00018BFED /* PBXTargetDependency */,
			);
			name = Ios_detection_crisoullUITests;
			productName = Ios_detection_crisoullUITests;
			productReference = 4BD742022BABA4D00018BFED /* Ios_detection_crisoullUITests.xctest */;
			productType = "com.apple.product-type.bundle.ui-testing";
		};
/* End PBXNativeTarget section */

/* Begin PBXProject section */
		4BD741DD2BABA4CC0018BFED /* Project object */ = {
			isa = PBXProject;
			attributes = {
				BuildIndependentTargetsInParallel = 1;
				LastSwiftUpdateCheck = 1520;
				LastUpgradeCheck = 1520;
				TargetAttributes = {
					4BD741E42BABA4CC0018BFED = {
						CreatedOnToolsVersion = 15.2;
					};
					4BD741F72BABA4D00018BFED = {
						CreatedOnToolsVersion = 15.2;
						TestTargetID = 4BD741E42BABA4CC0018BFED;
					};
					4BD742012BABA4D00018BFED = {
						CreatedOnToolsVersion = 15.2;
						TestTargetID = 4BD741E42BABA4CC0018BFED;
					};
				};
			};
			buildConfigurationList = 4BD741E02BABA4CC0018BFED /* Build configuration list for PBXProject "Ios_detection_crisoull" */;
			compatibilityVersion = "Xcode 14.0";
			developmentRegion = en;
			hasScannedForEncodings = 0;
			knownRegions = (
				en,
				Base,
			);
			mainGroup = 4BD741DC2BABA4CC0018BFED;
			productRefGroup = 4BD741E62BABA4CC0018BFED /* Products */;
			projectDirPath = "";
			projectRoot = "";
			targets = (
				4BD741E42BABA4CC0018BFED /* Ios_detection_crisoull */,
				4BD741F72BABA4D00018BFED /* Ios_detection_crisoullTests */,
				4BD742012BABA4D00018BFED /* Ios_detection_crisoullUITests */,
			);
		};
/* End PBXProject section */

/* Begin PBXResourcesBuildPhase section */
		4BD741E32BABA4CC0018BFED /* Resources */ = {
			isa = PBXResourcesBuildPhase;
			buildActionMask = 2147483647;
			files = (
				4BD741F32BABA4CF0018BFED /* Preview Assets.xcassets in Resources */,
				4BD741EF2BABA4CF0018BFED /* Assets.xcassets in Resources */,
			);
			runOnlyForDeploymentPostprocessing = 0;
		};
		4BD741F62BABA4D00018BFED /* Resources */ = {
			isa = PBXResourcesBuildPhase;
			buildActionMask = 2147483647;
			files = (
			);
			runOnlyForDeploymentPostprocessing = 0;
		};
		4BD742002BABA4D00018BFED /* Resources */ = {
			isa = PBXResourcesBuildPhase;
			buildActionMask = 2147483647;
			files = (
			);
			runOnlyForDeploymentPostprocessing = 0;
		};
/* End PBXResourcesBuildPhase section */

/* Begin PBXSourcesBuildPhase section */
		4BD741E12BABA4CC0018BFED /* Sources */ = {
			isa = PBXSourcesBuildPhase;
			buildActionMask = 2147483647;
			files = (
				4BD741EB2BABA4CC0018BFED /* ContentView.swift in Sources */,
				4BD741ED2BABA4CC0018BFED /* Item.swift in Sources */,
				4BD741E92BABA4CC0018BFED /* Ios_detection_crisoullApp.swift in Sources */,
			);
			runOnlyForDeploymentPostprocessing = 0;
		};
		4BD741F42BABA4D00018BFED /* Sources */ = {
			isa = PBXSourcesBuildPhase;
			buildActionMask = 2147483647;
			files = (
				4BD741FD2BABA4D00018BFED /* Ios_detection_crisoullTests.swift in Sources */,
			);
			runOnlyForDeploymentPostprocessing = 0;
		};
		4BD741FE2BABA4D00018BFED /* Sources */ = {
			isa = PBXSourcesBuildPhase;
			buildActionMask = 2147483647;
			files = (
				4BD742072BABA4D00018BFED /* Ios_detection_crisoullUITests.swift in Sources */,
				4BD742092BABA4D00018BFED /* Ios_detection_crisoullUITestsLaunchTests.swift in Sources */,
			);
			runOnlyForDeploymentPostprocessing = 0;
		};
/* End PBXSourcesBuildPhase section */

/* Begin PBXTargetDependency section */
		4BD741FA2BABA4D00018BFED /* PBXTargetDependency */ = {
			isa = PBXTargetDependency;
			target = 4BD741E42BABA4CC0018BFED /* Ios_detection_crisoull */;
			targetProxy = 4BD741F92BABA4D00018BFED /* PBXContainerItemProxy */;
		};
		4BD742042BABA4D00018BFED /* PBXTargetDependency */ = {
			isa = PBXTargetDependency;
			target = 4BD741E42BABA4CC0018BFED /* Ios_detection_crisoull */;
			targetProxy = 4BD742032BABA4D00018BFED /* PBXContainerItemProxy */;
		};
/* End PBXTargetDependency section */

/* Begin XCBuildConfiguration section */
		4BD7420A2BABA4D00018BFED /* Debug */ = {
			isa = XCBuildConfiguration;
			buildSettings = {
				ALWAYS_SEARCH_USER_PATHS = NO;
				ASSETCATALOG_COMPILER_GENERATE_SWIFT_ASSET_SYMBOL_EXTENSIONS = YES;
				CLANG_ANALYZER_NONNULL = YES;
				CLANG_ANALYZER_NUMBER_OBJECT_CONVERSION = YES_AGGRESSIVE;
				CLANG_CXX_LANGUAGE_STANDARD = "gnu++20";
				CLANG_ENABLE_MODULES = YES;
				CLANG_ENABLE_OBJC_ARC = YES;
				CLANG_ENABLE_OBJC_WEAK = YES;
				CLANG_WARN_BLOCK_CAPTURE_AUTORELEASING = YES;
				CLANG_WARN_BOOL_CONVERSION = YES;
				CLANG_WARN_COMMA = YES;
				CLANG_WARN_CONSTANT_CONVERSION = YES;
				CLANG_WARN_DEPRECATED_OBJC_IMPLEMENTATIONS = YES;
				CLANG_WARN_DIRECT_OBJC_ISA_USAGE = YES_ERROR;
				CLANG_WARN_DOCUMENTATION_COMMENTS = YES;
				CLANG_WARN_EMPTY_BODY = YES;
				CLANG_WARN_ENUM_CONVERSION = YES;
				CLANG_WARN_INFINITE_RECURSION = YES;
				CLANG_WARN_INT_CONVERSION = YES;
				CLANG_WARN_NON_LITERAL_NULL_CONVERSION = YES;
				CLANG_WARN_OBJC_IMPLICIT_RETAIN_SELF = YES;
				CLANG_WARN_OBJC_LITERAL_CONVERSION = YES;
				CLANG_WARN_OBJC_ROOT_CLASS = YES_ERROR;
				CLANG_WARN_QUOTED_INCLUDE_IN_FRAMEWORK_HEADER = YES;
				CLANG_WARN_RANGE_LOOP_ANALYSIS = YES;
				CLANG_WARN_STRICT_PROTOTYPES = YES;
				CLANG_WARN_SUSPICIOUS_MOVE = YES;
				CLANG_WARN_UNGUARDED_AVAILABILITY = YES_AGGRESSIVE;
				CLANG_WARN_UNREACHABLE_CODE = YES;
				CLANG_WARN__DUPLICATE_METHOD_MATCH = YES;
				COPY_PHASE_STRIP = NO;
				DEBUG_INFORMATION_FORMAT = dwarf;
				ENABLE_STRICT_OBJC_MSGSEND = YES;
				ENABLE_TESTABILITY = YES;
				ENABLE_USER_SCRIPT_SANDBOXING = YES;
				GCC_C_LANGUAGE_STANDARD = gnu17;
				GCC_DYNAMIC_NO_PIC = NO;
				GCC_NO_COMMON_BLOCKS = YES;
				GCC_OPTIMIZATION_LEVEL = 0;
				GCC_PREPROCESSOR_DEFINITIONS = (
					"DEBUG=1",
					"$(inherited)",
				);
				GCC_WARN_64_TO_32_BIT_CONVERSION = YES;
				GCC_WARN_ABOUT_RETURN_TYPE = YES_ERROR;
				GCC_WARN_UNDECLARED_SELECTOR = YES;
				GCC_WARN_UNINITIALIZED_AUTOS = YES_AGGRESSIVE;
				GCC_WARN_UNUSED_FUNCTION = YES;
				GCC_WARN_UNUSED_VARIABLE = YES;
				LOCALIZATION_PREFERS_STRING_CATALOGS = YES;
				MTL_ENABLE_DEBUG_INFO = INCLUDE_SOURCE;
				MTL_FAST_MATH = YES;
				ONLY_ACTIVE_ARCH = YES;
				SWIFT_ACTIVE_COMPILATION_CONDITIONS = "DEBUG $(inherited)";
				SWIFT_OPTIMIZATION_LEVEL = "-Onone";
			};
			name = Debug;
		};
		4BD7420B2BABA4D00018BFED /* Release */ = {
			isa = XCBuildConfiguration;
			buildSettings = {
				ALWAYS_SEARCH_USER_PATHS = NO;
				ASSETCATALOG_COMPILER_GENERATE_SWIFT_ASSET_SYMBOL_EXTENSIONS = YES;
				CLANG_ANALYZER_NONNULL = YES;
				CLANG_ANALYZER_NUMBER_OBJECT_CONVERSION = YES_AGGRESSIVE;
				CLANG_CXX_LANGUAGE_STANDARD = "gnu++20";
				CLANG_ENABLE_MODULES = YES;
				CLANG_ENABLE_OBJC_ARC = YES;
				CLANG_ENABLE_OBJC_WEAK = YES;
				CLANG_WARN_BLOCK_CAPTURE_AUTORELEASING = YES;
				CLANG_WARN_BOOL_CONVERSION = YES;
				CLANG_WARN_COMMA = YES;
				CLANG_WARN_CONSTANT_CONVERSION = YES;
				CLANG_WARN_DEPRECATED_OBJC_IMPLEMENTATIONS = YES;
				CLANG_WARN_DIRECT_OBJC_ISA_USAGE = YES_ERROR;
				CLANG_WARN_DOCUMENTATION_COMMENTS = YES;
				CLANG_WARN_EMPTY_BODY = YES;
				CLANG_WARN_ENUM_CONVERSION = YES;
				CLANG_WARN_INFINITE_RECURSION = YES;
				CLANG_WARN_INT_CONVERSION = YES;
				CLANG_WARN_NON_LITERAL_NULL_CONVERSION = YES;
				CLANG_WARN_OBJC_IMPLICIT_RETAIN_SELF = YES;
				CLANG_WARN_OBJC_LITERAL_CONVERSION = YES;
				CLANG_WARN_OBJC_ROOT_CLASS = YES_ERROR;
				CLANG_WARN_QUOTED_INCLUDE_IN_FRAMEWORK_HEADER = YES;
				CLANG_WARN_RANGE_LOOP_ANALYSIS = YES;
				CLANG_WARN_STRICT_PROTOTYPES = YES;
				CLANG_WARN_SUSPICIOUS_MOVE = YES;
				CLANG_WARN_UNGUARDED_AVAILABILITY = YES_AGGRESSIVE;
				CLANG_WARN_UNREACHABLE_CODE = YES;
				CLANG_WARN__DUPLICATE_METHOD_MATCH = YES;
				COPY_PHASE_STRIP = NO;
				DEBUG_INFORMATION_FORMAT = "dwarf-with-dsym";
				ENABLE_NS_ASSERTIONS = NO;
				ENABLE_STRICT_OBJC_MSGSEND = YES;
				ENABLE_USER_SCRIPT_SANDBOXING = YES;
				GCC_C_LANGUAGE_STANDARD = gnu17;
				GCC_NO_COMMON_BLOCKS = YES;
				GCC_WARN_64_TO_32_BIT_CONVERSION = YES;
				GCC_WARN_ABOUT_RETURN_TYPE = YES_ERROR;
				GCC_WARN_UNDECLARED_SELECTOR = YES;
				GCC_WARN_UNINITIALIZED_AUTOS = YES_AGGRESSIVE;
				GCC_WARN_UNUSED_FUNCTION = YES;
				GCC_WARN_UNUSED_VARIABLE = YES;
				LOCALIZATION_PREFERS_STRING_CATALOGS = YES;
				MTL_ENABLE_DEBUG_INFO = NO;
				MTL_FAST_MATH = YES;
				SWIFT_COMPILATION_MODE = wholemodule;
			};
			name = Release;
		};
		4BD7420D2BABA4D00018BFED /* Debug */ = {
			isa = XCBuildConfiguration;
			buildSettings = {
				ASSETCATALOG_COMPILER_APPICON_NAME = AppIcon;
				ASSETCATALOG_COMPILER_GLOBAL_ACCENT_COLOR_NAME = AccentColor;
				CODE_SIGN_ENTITLEMENTS = Ios_detection_crisoull/Ios_detection_crisoull.entitlements;
				CODE_SIGN_STYLE = Automatic;
				CURRENT_PROJECT_VERSION = 1;
				DEVELOPMENT_ASSET_PATHS = "\"Ios_detection_crisoull/Preview Content\"";
				DEVELOPMENT_TEAM = 5SC37ZDZB5;
				ENABLE_HARDENED_RUNTIME = YES;
				ENABLE_PREVIEWS = YES;
				GENERATE_INFOPLIST_FILE = YES;
				"INFOPLIST_KEY_UIApplicationSceneManifest_Generation[sdk=iphoneos*]" = YES;
				"INFOPLIST_KEY_UIApplicationSceneManifest_Generation[sdk=iphonesimulator*]" = YES;
				"INFOPLIST_KEY_UIApplicationSupportsIndirectInputEvents[sdk=iphoneos*]" = YES;
				"INFOPLIST_KEY_UIApplicationSupportsIndirectInputEvents[sdk=iphonesimulator*]" = YES;
				"INFOPLIST_KEY_UILaunchScreen_Generation[sdk=iphoneos*]" = YES;
				"INFOPLIST_KEY_UILaunchScreen_Generation[sdk=iphonesimulator*]" = YES;
				"INFOPLIST_KEY_UIStatusBarStyle[sdk=iphoneos*]" = UIStatusBarStyleDefault;
				"INFOPLIST_KEY_UIStatusBarStyle[sdk=iphonesimulator*]" = UIStatusBarStyleDefault;
				INFOPLIST_KEY_UISupportedInterfaceOrientations_iPad = "UIInterfaceOrientationPortrait UIInterfaceOrientationPortraitUpsideDown UIInterfaceOrientationLandscapeLeft UIInterfaceOrientationLandscapeRight";
				INFOPLIST_KEY_UISupportedInterfaceOrientations_iPhone = "UIInterfaceOrientationPortrait UIInterfaceOrientationLandscapeLeft UIInterfaceOrientationLandscapeRight";
				IPHONEOS_DEPLOYMENT_TARGET = 17.2;
				LD_RUNPATH_SEARCH_PATHS = "@executable_path/Frameworks";
				"LD_RUNPATH_SEARCH_PATHS[sdk=macosx*]" = "@executable_path/../Frameworks";
				MACOSX_DEPLOYMENT_TARGET = 14.0;
				MARKETING_VERSION = 1.0;
				PRODUCT_BUNDLE_IDENTIFIER = "crisoull.Ios-detection-crisoull";
				PRODUCT_NAME = "$(TARGET_NAME)";
				SDKROOT = auto;
				SUPPORTED_PLATFORMS = "iphoneos iphonesimulator macosx";
				SWIFT_EMIT_LOC_STRINGS = YES;
				SWIFT_VERSION = 5.0;
				TARGETED_DEVICE_FAMILY = "1,2";
			};
			name = Debug;
		};
		4BD7420E2BABA4D00018BFED /* Release */ = {
			isa = XCBuildConfiguration;
			buildSettings = {
				ASSETCATALOG_COMPILER_APPICON_NAME = AppIcon;
				ASSETCATALOG_COMPILER_GLOBAL_ACCENT_COLOR_NAME = AccentColor;
				CODE_SIGN_ENTITLEMENTS = Ios_detection_crisoull/Ios_detection_crisoull.entitlements;
				CODE_SIGN_STYLE = Automatic;
				CURRENT_PROJECT_VERSION = 1;
				DEVELOPMENT_ASSET_PATHS = "\"Ios_detection_crisoull/Preview Content\"";
				DEVELOPMENT_TEAM = 5SC37ZDZB5;
				ENABLE_HARDENED_RUNTIME = YES;
				ENABLE_PREVIEWS = YES;
				GENERATE_INFOPLIST_FILE = YES;
				"INFOPLIST_KEY_UIApplicationSceneManifest_Generation[sdk=iphoneos*]" = YES;
				"INFOPLIST_KEY_UIApplicationSceneManifest_Generation[sdk=iphonesimulator*]" = YES;
				"INFOPLIST_KEY_UIApplicationSupportsIndirectInputEvents[sdk=iphoneos*]" = YES;
				"INFOPLIST_KEY_UIApplicationSupportsIndirectInputEvents[sdk=iphonesimulator*]" = YES;
				"INFOPLIST_KEY_UILaunchScreen_Generation[sdk=iphoneos*]" = YES;
				"INFOPLIST_KEY_UILaunchScreen_Generation[sdk=iphonesimulator*]" = YES;
				"INFOPLIST_KEY_UIStatusBarStyle[sdk=iphoneos*]" = UIStatusBarStyleDefault;
				"INFOPLIST_KEY_UIStatusBarStyle[sdk=iphonesimulator*]" = UIStatusBarStyleDefault;
				INFOPLIST_KEY_UISupportedInterfaceOrientations_iPad = "UIInterfaceOrientationPortrait UIInterfaceOrientationPortraitUpsideDown UIInterfaceOrientationLandscapeLeft UIInterfaceOrientationLandscapeRight";
				INFOPLIST_KEY_UISupportedInterfaceOrientations_iPhone = "UIInterfaceOrientationPortrait UIInterfaceOrientationLandscapeLeft UIInterfaceOrientationLandscapeRight";
				IPHONEOS_DEPLOYMENT_TARGET = 17.2;
				LD_RUNPATH_SEARCH_PATHS = "@executable_path/Frameworks";
				"LD_RUNPATH_SEARCH_PATHS[sdk=macosx*]" = "@executable_path/../Frameworks";
				MACOSX_DEPLOYMENT_TARGET = 14.0;
				MARKETING_VERSION = 1.0;
				PRODUCT_BUNDLE_IDENTIFIER = "crisoull.Ios-detection-crisoull";
				PRODUCT_NAME = "$(TARGET_NAME)";
				SDKROOT = auto;
				SUPPORTED_PLATFORMS = "iphoneos iphonesimulator macosx";
				SWIFT_EMIT_LOC_STRINGS = YES;
				SWIFT_VERSION = 5.0;
				TARGETED_DEVICE_FAMILY = "1,2";
			};
			name = Release;
		};
		4BD742102BABA4D00018BFED /* Debug */ = {
			isa = XCBuildConfiguration;
			buildSettings = {
				ALWAYS_EMBED_SWIFT_STANDARD_LIBRARIES = YES;
				BUNDLE_LOADER = "$(TEST_HOST)";
				CODE_SIGN_STYLE = Automatic;
				CURRENT_PROJECT_VERSION = 1;
				DEVELOPMENT_TEAM = 5SC37ZDZB5;
				GENERATE_INFOPLIST_FILE = YES;
				IPHONEOS_DEPLOYMENT_TARGET = 17.2;
				MACOSX_DEPLOYMENT_TARGET = 14.2;
				MARKETING_VERSION = 1.0;
				PRODUCT_BUNDLE_IDENTIFIER = "crisoull.Ios-detection-crisoullTests";
				PRODUCT_NAME = "$(TARGET_NAME)";
				SDKROOT = auto;
				SUPPORTED_PLATFORMS = "iphoneos iphonesimulator macosx";
				SWIFT_EMIT_LOC_STRINGS = NO;
				SWIFT_VERSION = 5.0;
				TARGETED_DEVICE_FAMILY = "1,2";
				TEST_HOST = "$(BUILT_PRODUCTS_DIR)/Ios_detection_crisoull.app/$(BUNDLE_EXECUTABLE_FOLDER_PATH)/Ios_detection_crisoull";
			};
			name = Debug;
		};
		4BD742112BABA4D00018BFED /* Release */ = {
			isa = XCBuildConfiguration;
			buildSettings = {
				ALWAYS_EMBED_SWIFT_STANDARD_LIBRARIES = YES;
				BUNDLE_LOADER = "$(TEST_HOST)";
				CODE_SIGN_STYLE = Automatic;
				CURRENT_PROJECT_VERSION = 1;
				DEVELOPMENT_TEAM = 5SC37ZDZB5;
				GENERATE_INFOPLIST_FILE = YES;
				IPHONEOS_DEPLOYMENT_TARGET = 17.2;
				MACOSX_DEPLOYMENT_TARGET = 14.2;
				MARKETING_VERSION = 1.0;
				PRODUCT_BUNDLE_IDENTIFIER = "crisoull.Ios-detection-crisoullTests";
				PRODUCT_NAME = "$(TARGET_NAME)";
				SDKROOT = auto;
				SUPPORTED_PLATFORMS = "iphoneos iphonesimulator macosx";
				SWIFT_EMIT_LOC_STRINGS = NO;
				SWIFT_VERSION = 5.0;
				TARGETED_DEVICE_FAMILY = "1,2";
				TEST_HOST = "$(BUILT_PRODUCTS_DIR)/Ios_detection_crisoull.app/$(BUNDLE_EXECUTABLE_FOLDER_PATH)/Ios_detection_crisoull";
			};
			name = Release;
		};
		4BD742132BABA4D00018BFED /* Debug */ = {
			isa = XCBuildConfiguration;
			buildSettings = {
				ALWAYS_EMBED_SWIFT_STANDARD_LIBRARIES = YES;
				CODE_SIGN_STYLE = Automatic;
				CURRENT_PROJECT_VERSION = 1;
				DEVELOPMENT_TEAM = 5SC37ZDZB5;
				GENERATE_INFOPLIST_FILE = YES;
				IPHONEOS_DEPLOYMENT_TARGET = 17.2;
				MACOSX_DEPLOYMENT_TARGET = 14.2;
				MARKETING_VERSION = 1.0;
				PRODUCT_BUNDLE_IDENTIFIER = "crisoull.Ios-detection-crisoullUITests";
				PRODUCT_NAME = "$(TARGET_NAME)";
				SDKROOT = auto;
				SUPPORTED_PLATFORMS = "iphoneos iphonesimulator macosx";
				SWIFT_EMIT_LOC_STRINGS = NO;
				SWIFT_VERSION = 5.0;
				TARGETED_DEVICE_FAMILY = "1,2";
				TEST_TARGET_NAME = Ios_detection_crisoull;
			};
			name = Debug;
		};
		4BD742142BABA4D00018BFED /* Release */ = {
			isa = XCBuildConfiguration;
			buildSettings = {
				ALWAYS_EMBED_SWIFT_STANDARD_LIBRARIES = YES;
				CODE_SIGN_STYLE = Automatic;
				CURRENT_PROJECT_VERSION = 1;
				DEVELOPMENT_TEAM = 5SC37ZDZB5;
				GENERATE_INFOPLIST_FILE = YES;
				IPHONEOS_DEPLOYMENT_TARGET = 17.2;
				MACOSX_DEPLOYMENT_TARGET = 14.2;
				MARKETING_VERSION = 1.0;
				PRODUCT_BUNDLE_IDENTIFIER = "crisoull.Ios-detection-crisoullUITests";
				PRODUCT_NAME = "$(TARGET_NAME)";
				SDKROOT = auto;
				SUPPORTED_PLATFORMS = "iphoneos iphonesimulator macosx";
				SWIFT_EMIT_LOC_STRINGS = NO;
				SWIFT_VERSION = 5.0;
				TARGETED_DEVICE_FAMILY = "1,2";
				TEST_TARGET_NAME = Ios_detection_crisoull;
			};
			name = Release;
		};
/* End XCBuildConfiguration section */

/* Begin XCConfigurationList section */
		4BD741E02BABA4CC0018BFED /* Build configuration list for PBXProject "Ios_detection_crisoull" */ = {
			isa = XCConfigurationList;
			buildConfigurations = (
				4BD7420A2BABA4D00018BFED /* Debug */,
				4BD7420B2BABA4D00018BFED /* Release */,
			);
			defaultConfigurationIsVisible = 0;
			defaultConfigurationName = Release;
		};
		4BD7420C2BABA4D00018BFED /* Build configuration list for PBXNativeTarget "Ios_detection_crisoull" */ = {
			isa = XCConfigurationList;
			buildConfigurations = (
				4BD7420D2BABA4D00018BFED /* Debug */,
				4BD7420E2BABA4D00018BFED /* Release */,
			);
			defaultConfigurationIsVisible = 0;
			defaultConfigurationName = Release;
		};
		4BD7420F2BABA4D00018BFED /* Build configuration list for PBXNativeTarget "Ios_detection_crisoullTests" */ = {
			isa = XCConfigurationList;
			buildConfigurations = (
				4BD742102BABA4D00018BFED /* Debug */,
				4BD742112BABA4D00018BFED /* Release */,
			);
			defaultConfigurationIsVisible = 0;
			defaultConfigurationName = Release;
		};
		4BD742122BABA4D00018BFED /* Build configuration list for PBXNativeTarget "Ios_detection_crisoullUITests" */ = {
			isa = XCConfigurationList;
			buildConfigurations = (
				4BD742132BABA4D00018BFED /* Debug */,
				4BD742142BABA4D00018BFED /* Release */,
			);
			defaultConfigurationIsVisible = 0;
			defaultConfigurationName = Release;
		};
/* End XCConfigurationList section */
	};
	rootObject = 4BD741DD2BABA4CC0018BFED /* Project object */;
}
